PODS:
  - device_friendly_name (0.0.1):
    - Flutter
  - Flutter (1.0.0)

DEPENDENCIES:
  - device_friendly_name (from `.symlinks/plugins/device_friendly_name/ios`)
  - Flutter (from `Flutter`)

EXTERNAL SOURCES:
  device_friendly_name:
    :path: ".symlinks/plugins/device_friendly_name/ios"
  Flutter:
    :path: Flutter

SPEC CHECKSUMS:
  device_friendly_name: 30426f5d72b13f7c466c1f4248e38b82e9583e25
  Flutter: f04841e97a9d0b0a8025694d0796dd46242b2854

PODFILE CHECKSUM: ef19549a9bc3046e7bb7d2fab4d021637c0c58a3

COCOAPODS: 1.12.0
